
Microsoft Visual Studio Solution File, Format Version 12.00
# Visual Studio Version 17
VisualStudioVersion = 17.2.32616.157
MinimumVisualStudioVersion = 10.0.40219.1
Project("{FAE04EC0-301F-11D3-BF4B-00C04F79EFBC}") = "Pennies for Pay(new)", "Pennies for Pay(new)\Pennies for Pay(new).csproj", "{3FD3B2D8-42BC-473C-AFE7-1106746AB2BB}"
EndProject
Global
	GlobalSection(SolutionConfigurationPlatforms) = preSolution
		Debug|Any CPU = Debug|Any CPU
		Release|Any CPU = Release|Any CPU
	EndGlobalSection
	GlobalSection(ProjectConfigurationPlatforms) = postSolution
		{3FD3B2D8-42BC-473C-AFE7-1106746AB2BB}.Debug|Any CPU.ActiveCfg = Debug|Any CPU
		{3FD3B2D8-42BC-473C-AFE7-1106746AB2BB}.Debug|Any CPU.Build.0 = Debug|Any CPU
		{3FD3B2D8-42BC-473C-AFE7-1106746AB2BB}.Release|Any CPU.ActiveCfg = Release|Any CPU
		{3FD3B2D8-42BC-473C-AFE7-1106746AB2BB}.Release|Any CPU.Build.0 = Release|Any CPU
	EndGlobalSection
	GlobalSection(SolutionProperties) = preSolution
		HideSolutionNode = FALSE
	EndGlobalSection
	GlobalSection(ExtensibilityGlobals) = postSolution
		SolutionGuid = {5B58552E-AFF3-4D4A-B85D-F56E1A38D710}
	EndGlobalSection
EndGlobal
