
Microsoft Visual Studio Solution File, Format Version 12.00
# Visual Studio Version 17
VisualStudioVersion = 17.2.32526.322
MinimumVisualStudioVersion = 10.0.40219.1
Project("{FAE04EC0-301F-11D3-BF4B-00C04F79EFBC}") = "Celsius and Fahrenheit Converter", "Celsius and Fahrenheit Converter\Celsius and Fahrenheit Converter.csproj", "{478C6525-F70F-41E3-AC1E-D4C1AA5E445B}"
EndProject
Global
	GlobalSection(SolutionConfigurationPlatforms) = preSolution
		Debug|Any CPU = Debug|Any CPU
		Release|Any CPU = Release|Any CPU
	EndGlobalSection
	GlobalSection(ProjectConfigurationPlatforms) = postSolution
		{478C6525-F70F-41E3-AC1E-D4C1AA5E445B}.Debug|Any CPU.ActiveCfg = Debug|Any CPU
		{478C6525-F70F-41E3-AC1E-D4C1AA5E445B}.Debug|Any CPU.Build.0 = Debug|Any CPU
		{478C6525-F70F-41E3-AC1E-D4C1AA5E445B}.Release|Any CPU.ActiveCfg = Release|Any CPU
		{478C6525-F70F-41E3-AC1E-D4C1AA5E445B}.Release|Any CPU.Build.0 = Release|Any CPU
	EndGlobalSection
	GlobalSection(SolutionProperties) = preSolution
		HideSolutionNode = FALSE
	EndGlobalSection
	GlobalSection(ExtensibilityGlobals) = postSolution
		SolutionGuid = {2607B423-0D57-40FB-BE9F-649BB650D4DA}
	EndGlobalSection
EndGlobal
