
Microsoft Visual Studio Solution File, Format Version 12.00
# Visual Studio Version 17
VisualStudioVersion = 17.2.32526.322
MinimumVisualStudioVersion = 10.0.40219.1
Project("{FAE04EC0-301F-11D3-BF4B-00C04F79EFBC}") = "Mass and Weight", "Mass and Weight\Mass and Weight.csproj", "{B5F5B0BC-A02E-4F9E-8C0A-9147AE2C053A}"
EndProject
Global
	GlobalSection(SolutionConfigurationPlatforms) = preSolution
		Debug|Any CPU = Debug|Any CPU
		Release|Any CPU = Release|Any CPU
	EndGlobalSection
	GlobalSection(ProjectConfigurationPlatforms) = postSolution
		{B5F5B0BC-A02E-4F9E-8C0A-9147AE2C053A}.Debug|Any CPU.ActiveCfg = Debug|Any CPU
		{B5F5B0BC-A02E-4F9E-8C0A-9147AE2C053A}.Debug|Any CPU.Build.0 = Debug|Any CPU
		{B5F5B0BC-A02E-4F9E-8C0A-9147AE2C053A}.Release|Any CPU.ActiveCfg = Release|Any CPU
		{B5F5B0BC-A02E-4F9E-8C0A-9147AE2C053A}.Release|Any CPU.Build.0 = Release|Any CPU
	EndGlobalSection
	GlobalSection(SolutionProperties) = preSolution
		HideSolutionNode = FALSE
	EndGlobalSection
	GlobalSection(ExtensibilityGlobals) = postSolution
		SolutionGuid = {E6416E06-C91D-4541-91E3-6D4CC85C5400}
	EndGlobalSection
EndGlobal
