
Microsoft Visual Studio Solution File, Format Version 12.00
# Visual Studio Version 17
VisualStudioVersion = 17.2.32616.157
MinimumVisualStudioVersion = 10.0.40219.1
Project("{FAE04EC0-301F-11D3-BF4B-00C04F79EFBC}") = "Slot Machine Simulator", "Slot Machine Simulator\Slot Machine Simulator.csproj", "{3C0FC2F0-1BF9-48D9-8A81-733E033A931B}"
EndProject
Global
	GlobalSection(SolutionConfigurationPlatforms) = preSolution
		Debug|Any CPU = Debug|Any CPU
		Release|Any CPU = Release|Any CPU
	EndGlobalSection
	GlobalSection(ProjectConfigurationPlatforms) = postSolution
		{3C0FC2F0-1BF9-48D9-8A81-733E033A931B}.Debug|Any CPU.ActiveCfg = Debug|Any CPU
		{3C0FC2F0-1BF9-48D9-8A81-733E033A931B}.Debug|Any CPU.Build.0 = Debug|Any CPU
		{3C0FC2F0-1BF9-48D9-8A81-733E033A931B}.Release|Any CPU.ActiveCfg = Release|Any CPU
		{3C0FC2F0-1BF9-48D9-8A81-733E033A931B}.Release|Any CPU.Build.0 = Release|Any CPU
	EndGlobalSection
	GlobalSection(SolutionProperties) = preSolution
		HideSolutionNode = FALSE
	EndGlobalSection
	GlobalSection(ExtensibilityGlobals) = postSolution
		SolutionGuid = {DEBC6693-32CC-4A25-91EE-2712D1E88000}
	EndGlobalSection
EndGlobal
