
Microsoft Visual Studio Solution File, Format Version 12.00
# Visual Studio Version 17
VisualStudioVersion = 17.2.32616.157
MinimumVisualStudioVersion = 10.0.40219.1
Project("{FAE04EC0-301F-11D3-BF4B-00C04F79EFBC}") = "Hospital Charges", "Hospital Charges\Hospital Charges.csproj", "{741D641C-E0A9-4ECF-B264-0864CCD5390E}"
EndProject
Global
	GlobalSection(SolutionConfigurationPlatforms) = preSolution
		Debug|Any CPU = Debug|Any CPU
		Release|Any CPU = Release|Any CPU
	EndGlobalSection
	GlobalSection(ProjectConfigurationPlatforms) = postSolution
		{741D641C-E0A9-4ECF-B264-0864CCD5390E}.Debug|Any CPU.ActiveCfg = Debug|Any CPU
		{741D641C-E0A9-4ECF-B264-0864CCD5390E}.Debug|Any CPU.Build.0 = Debug|Any CPU
		{741D641C-E0A9-4ECF-B264-0864CCD5390E}.Release|Any CPU.ActiveCfg = Release|Any CPU
		{741D641C-E0A9-4ECF-B264-0864CCD5390E}.Release|Any CPU.Build.0 = Release|Any CPU
	EndGlobalSection
	GlobalSection(SolutionProperties) = preSolution
		HideSolutionNode = FALSE
	EndGlobalSection
	GlobalSection(ExtensibilityGlobals) = postSolution
		SolutionGuid = {7FD142DF-476D-4C24-A6FC-920FE67225C0}
	EndGlobalSection
EndGlobal
