
Microsoft Visual Studio Solution File, Format Version 12.00
# Visual Studio Version 17
VisualStudioVersion = 17.2.32526.322
MinimumVisualStudioVersion = 10.0.40219.1
Project("{FAE04EC0-301F-11D3-BF4B-00C04F79EFBC}") = "Tip, Tax and Total", "Tip, Tax and Total\Tip, Tax and Total.csproj", "{70587C2D-7F92-47A1-8654-21D988396F57}"
EndProject
Global
	GlobalSection(SolutionConfigurationPlatforms) = preSolution
		Debug|Any CPU = Debug|Any CPU
		Release|Any CPU = Release|Any CPU
	EndGlobalSection
	GlobalSection(ProjectConfigurationPlatforms) = postSolution
		{70587C2D-7F92-47A1-8654-21D988396F57}.Debug|Any CPU.ActiveCfg = Debug|Any CPU
		{70587C2D-7F92-47A1-8654-21D988396F57}.Debug|Any CPU.Build.0 = Debug|Any CPU
		{70587C2D-7F92-47A1-8654-21D988396F57}.Release|Any CPU.ActiveCfg = Release|Any CPU
		{70587C2D-7F92-47A1-8654-21D988396F57}.Release|Any CPU.Build.0 = Release|Any CPU
	EndGlobalSection
	GlobalSection(SolutionProperties) = preSolution
		HideSolutionNode = FALSE
	EndGlobalSection
	GlobalSection(ExtensibilityGlobals) = postSolution
		SolutionGuid = {E18DFBEC-220D-45D3-9676-C3A1CB0504C0}
	EndGlobalSection
EndGlobal
