
Microsoft Visual Studio Solution File, Format Version 12.00
# Visual Studio Version 17
VisualStudioVersion = 17.2.32526.322
MinimumVisualStudioVersion = 10.0.40219.1
Project("{FAE04EC0-301F-11D3-BF4B-00C04F79EFBC}") = "Stadium Seating", "Stadium Seating\Stadium Seating.csproj", "{B79653DF-0D0A-426F-803B-DBBC5BAFA74E}"
EndProject
Global
	GlobalSection(SolutionConfigurationPlatforms) = preSolution
		Debug|Any CPU = Debug|Any CPU
		Release|Any CPU = Release|Any CPU
	EndGlobalSection
	GlobalSection(ProjectConfigurationPlatforms) = postSolution
		{B79653DF-0D0A-426F-803B-DBBC5BAFA74E}.Debug|Any CPU.ActiveCfg = Debug|Any CPU
		{B79653DF-0D0A-426F-803B-DBBC5BAFA74E}.Debug|Any CPU.Build.0 = Debug|Any CPU
		{B79653DF-0D0A-426F-803B-DBBC5BAFA74E}.Release|Any CPU.ActiveCfg = Release|Any CPU
		{B79653DF-0D0A-426F-803B-DBBC5BAFA74E}.Release|Any CPU.Build.0 = Release|Any CPU
	EndGlobalSection
	GlobalSection(SolutionProperties) = preSolution
		HideSolutionNode = FALSE
	EndGlobalSection
	GlobalSection(ExtensibilityGlobals) = postSolution
		SolutionGuid = {2601A173-0AB4-4FBC-ADC4-03549FF6B60E}
	EndGlobalSection
EndGlobal
