
Microsoft Visual Studio Solution File, Format Version 12.00
# Visual Studio Version 17
VisualStudioVersion = 17.2.32616.157
MinimumVisualStudioVersion = 10.0.40219.1
Project("{FAE04EC0-301F-11D3-BF4B-00C04F79EFBC}") = "World Series Champions", "World Series Champions\World Series Champions.csproj", "{318D21FA-FE07-4581-9D8C-E7D6A8CBAC73}"
EndProject
Global
	GlobalSection(SolutionConfigurationPlatforms) = preSolution
		Debug|Any CPU = Debug|Any CPU
		Release|Any CPU = Release|Any CPU
	EndGlobalSection
	GlobalSection(ProjectConfigurationPlatforms) = postSolution
		{318D21FA-FE07-4581-9D8C-E7D6A8CBAC73}.Debug|Any CPU.ActiveCfg = Debug|Any CPU
		{318D21FA-FE07-4581-9D8C-E7D6A8CBAC73}.Debug|Any CPU.Build.0 = Debug|Any CPU
		{318D21FA-FE07-4581-9D8C-E7D6A8CBAC73}.Release|Any CPU.ActiveCfg = Release|Any CPU
		{318D21FA-FE07-4581-9D8C-E7D6A8CBAC73}.Release|Any CPU.Build.0 = Release|Any CPU
	EndGlobalSection
	GlobalSection(SolutionProperties) = preSolution
		HideSolutionNode = FALSE
	EndGlobalSection
	GlobalSection(ExtensibilityGlobals) = postSolution
		SolutionGuid = {B1BB298D-5C6F-47FD-B711-02A0CDE75661}
	EndGlobalSection
EndGlobal
